
Microsoft Visual Studio Solution File, Format Version 12.00
# Visual Studio Version 17
VisualStudioVersion = 17.3.32901.215
MinimumVisualStudioVersion = 10.0.40219.1
Project("{FAE04EC0-301F-11D3-BF4B-00C04F79EFBC}") = "Animal", "Animal\Animal.csproj", "{271207DC-2ABC-4F9A-BB33-F220CD1525E4}"
EndProject
Global
	GlobalSection(SolutionConfigurationPlatforms) = preSolution
		Debug|Any CPU = Debug|Any CPU
		Release|Any CPU = Release|Any CPU
	EndGlobalSection
	GlobalSection(ProjectConfigurationPlatforms) = postSolution
		{271207DC-2ABC-4F9A-BB33-F220CD1525E4}.Debug|Any CPU.ActiveCfg = Debug|Any CPU
		{271207DC-2ABC-4F9A-BB33-F220CD1525E4}.Debug|Any CPU.Build.0 = Debug|Any CPU
		{271207DC-2ABC-4F9A-BB33-F220CD1525E4}.Release|Any CPU.ActiveCfg = Release|Any CPU
		{271207DC-2ABC-4F9A-BB33-F220CD1525E4}.Release|Any CPU.Build.0 = Release|Any CPU
	EndGlobalSection
	GlobalSection(SolutionProperties) = preSolution
		HideSolutionNode = FALSE
	EndGlobalSection
	GlobalSection(ExtensibilityGlobals) = postSolution
		SolutionGuid = {C3CF9CD2-C4A1-4E41-BCB6-060B4DB53356}
	EndGlobalSection
EndGlobal
